
Microsoft Visual Studio Solution File, Format Version 12.00
# Visual Studio 15
VisualStudioVersion = 15.0.28307.705
MinimumVisualStudioVersion = 10.0.40219.1
Project("{8BC9CEB8-8B4A-11D0-8D11-00A0C91BC942}") = "DxLib2D_STG_Cpp", "DxLib2D_STG_Cpp.vcxproj", "{6A0FB16C-2B27-4E6C-88E0-5BE3F6104E6F}"
EndProject
Global
	GlobalSection(SolutionConfigurationPlatforms) = preSolution
		Debug|x64 = Debug|x64
		Debug|x86 = Debug|x86
		Release|x64 = Release|x64
		Release|x86 = Release|x86
	EndGlobalSection
	GlobalSection(ProjectConfigurationPlatforms) = postSolution
		{6A0FB16C-2B27-4E6C-88E0-5BE3F6104E6F}.Debug|x64.ActiveCfg = Debug|x64
		{6A0FB16C-2B27-4E6C-88E0-5BE3F6104E6F}.Debug|x64.Build.0 = Debug|x64
		{6A0FB16C-2B27-4E6C-88E0-5BE3F6104E6F}.Debug|x86.ActiveCfg = Debug|Win32
		{6A0FB16C-2B27-4E6C-88E0-5BE3F6104E6F}.Debug|x86.Build.0 = Debug|Win32
		{6A0FB16C-2B27-4E6C-88E0-5BE3F6104E6F}.Release|x64.ActiveCfg = Release|x64
		{6A0FB16C-2B27-4E6C-88E0-5BE3F6104E6F}.Release|x64.Build.0 = Release|x64
		{6A0FB16C-2B27-4E6C-88E0-5BE3F6104E6F}.Release|x86.ActiveCfg = Release|Win32
		{6A0FB16C-2B27-4E6C-88E0-5BE3F6104E6F}.Release|x86.Build.0 = Release|Win32
	EndGlobalSection
	GlobalSection(SolutionProperties) = preSolution
		HideSolutionNode = FALSE
	EndGlobalSection
	GlobalSection(ExtensibilityGlobals) = postSolution
		SolutionGuid = {0CF76D08-D194-4C2A-BFA5-8CA65B1842E1}
	EndGlobalSection
EndGlobal
